// !$*UTF8*$!
{
	archiveVersion = 1;
	classes = {
	};
	objectVersion = 46;
	objects = {

/* Begin PBXBuildFile section */
		F4C164491D30554200DE78D8 /* AppDelegate.swift in Sources */ = {isa = PBXBuildFile; fileRef = F4C164481D30554200DE78D8 /* AppDelegate.swift */; };
		F4C1644B1D30554200DE78D8 /* ViewController.swift in Sources */ = {isa = PBXBuildFile; fileRef = F4C1644A1D30554200DE78D8 /* ViewController.swift */; };
		F4C1644E1D30554200DE78D8 /* Main.storyboard in Resources */ = {isa = PBXBuildFile; fileRef = F4C1644C1D30554200DE78D8 /* Main.storyboard */; };
		F4C164501D30554200DE78D8 /* Assets.xcassets in Resources */ = {isa = PBXBuildFile; fileRef = F4C1644F1D30554200DE78D8 /* Assets.xcassets */; };
		F4C164531D30554200DE78D8 /* LaunchScreen.storyboard in Resources */ = {isa = PBXBuildFile; fileRef = F4C164511D30554200DE78D8 /* LaunchScreen.storyboard */; };
		F4C1645E1D30554200DE78D8 /* RoshamboTests.swift in Sources */ = {isa = PBXBuildFile; fileRef = F4C1645D1D30554200DE78D8 /* RoshamboTests.swift */; };
		F4C164691D30554200DE78D8 /* RoshamboUITests.swift in Sources */ = {isa = PBXBuildFile; fileRef = F4C164681D30554200DE78D8 /* RoshamboUITests.swift */; };
		F4C164771D30585900DE78D8 /* ResultViewController.swift in Sources */ = {isa = PBXBuildFile; fileRef = F4C164761D30585900DE78D8 /* ResultViewController.swift */; };
/* End PBXBuildFile section */

/* Begin PBXContainerItemProxy section */
		F4C1645A1D30554200DE78D8 /* PBXContainerItemProxy */ = {
			isa = PBXContainerItemProxy;
			containerPortal = F4C1643D1D30554200DE78D8 /* Project object */;
			proxyType = 1;
			remoteGlobalIDString = F4C164441D30554200DE78D8;
			remoteInfo = Roshambo;
		};
		F4C164651D30554200DE78D8 /* PBXContainerItemProxy */ = {
			isa = PBXContainerItemProxy;
			containerPortal = F4C1643D1D30554200DE78D8 /* Project object */;
			proxyType = 1;
			remoteGlobalIDString = F4C164441D30554200DE78D8;
			remoteInfo = Roshambo;
		};
/* End PBXContainerItemProxy section */

/* Begin PBXFileReference section */
		F4C164451D30554200DE78D8 /* Roshambo.app */ = {isa = PBXFileReference; explicitFileType = wrapper.application; includeInIndex = 0; path = Roshambo.app; sourceTree = BUILT_PRODUCTS_DIR; };
		F4C164481D30554200DE78D8 /* AppDelegate.swift */ = {isa = PBXFileReference; lastKnownFileType = sourcecode.swift; path = AppDelegate.swift; sourceTree = "<group>"; };
		F4C1644A1D30554200DE78D8 /* ViewController.swift */ = {isa = PBXFileReference; lastKnownFileType = sourcecode.swift; path = ViewController.swift; sourceTree = "<group>"; };
		F4C1644D1D30554200DE78D8 /* Base */ = {isa = PBXFileReference; lastKnownFileType = file.storyboard; name = Base; path = Base.lproj/Main.storyboard; sourceTree = "<group>"; };
		F4C1644F1D30554200DE78D8 /* Assets.xcassets */ = {isa = PBXFileReference; lastKnownFileType = folder.assetcatalog; path = Assets.xcassets; sourceTree = "<group>"; };
		F4C164521D30554200DE78D8 /* Base */ = {isa = PBXFileReference; lastKnownFileType = file.storyboard; name = Base; path = Base.lproj/LaunchScreen.storyboard; sourceTree = "<group>"; };
		F4C164541D30554200DE78D8 /* Info.plist */ = {isa = PBXFileReference; lastKnownFileType = text.plist.xml; path = Info.plist; sourceTree = "<group>"; };
		F4C164591D30554200DE78D8 /* RoshamboTests.xctest */ = {isa = PBXFileReference; explicitFileType = wrapper.cfbundle; includeInIndex = 0; path = RoshamboTests.xctest; sourceTree = BUILT_PRODUCTS_DIR; };
		F4C1645D1D30554200DE78D8 /* RoshamboTests.swift */ = {isa = PBXFileReference; lastKnownFileType = sourcecode.swift; path = RoshamboTests.swift; sourceTree = "<group>"; };
		F4C1645F1D30554200DE78D8 /* Info.plist */ = {isa = PBXFileReference; lastKnownFileType = text.plist.xml; path = Info.plist; sourceTree = "<group>"; };
		F4C164641D30554200DE78D8 /* RoshamboUITests.xctest */ = {isa = PBXFileReference; explicitFileType = wrapper.cfbundle; includeInIndex = 0; path = RoshamboUITests.xctest; sourceTree = BUILT_PRODUCTS_DIR; };
		F4C164681D30554200DE78D8 /* RoshamboUITests.swift */ = {isa = PBXFileReference; lastKnownFileType = sourcecode.swift; path = RoshamboUITests.swift; sourceTree = "<group>"; };
		F4C1646A1D30554200DE78D8 /* Info.plist */ = {isa = PBXFileReference; lastKnownFileType = text.plist.xml; path = Info.plist; sourceTree = "<group>"; };
		F4C164761D30585900DE78D8 /* ResultViewController.swift */ = {isa = PBXFileReference; fileEncoding = 4; lastKnownFileType = sourcecode.swift; path = ResultViewController.swift; sourceTree = "<group>"; };
/* End PBXFileReference section */

/* Begin PBXFrameworksBuildPhase section */
		F4C164421D30554200DE78D8 /* Frameworks */ = {
			isa = PBXFrameworksBuildPhase;
			buildActionMask = 2147483647;
			files = (
			);
			runOnlyForDeploymentPostprocessing = 0;
		};
		F4C164561D30554200DE78D8 /* Frameworks */ = {
			isa = PBXFrameworksBuildPhase;
			buildActionMask = 2147483647;
			files = (
			);
			runOnlyForDeploymentPostprocessing = 0;
		};
		F4C164611D30554200DE78D8 /* Frameworks */ = {
			isa = PBXFrameworksBuildPhase;
			buildActionMask = 2147483647;
			files = (
			);
			runOnlyForDeploymentPostprocessing = 0;
		};
/* End PBXFrameworksBuildPhase section */

/* Begin PBXGroup section */
		F4C1643C1D30554200DE78D8 = {
			isa = PBXGroup;
			children = (
				F4C164471D30554200DE78D8 /* Roshambo */,
				F4C1645C1D30554200DE78D8 /* RoshamboTests */,
				F4C164671D30554200DE78D8 /* RoshamboUITests */,
				F4C164461D30554200DE78D8 /* Products */,
			);
			sourceTree = "<group>";
		};
		F4C164461D30554200DE78D8 /* Products */ = {
			isa = PBXGroup;
			children = (
				F4C164451D30554200DE78D8 /* Roshambo.app */,
				F4C164591D30554200DE78D8 /* RoshamboTests.xctest */,
				F4C164641D30554200DE78D8 /* RoshamboUITests.xctest */,
			);
			name = Products;
			sourceTree = "<group>";
		};
		F4C164471D30554200DE78D8 /* Roshambo */ = {
			isa = PBXGroup;
			children = (
				F4C164481D30554200DE78D8 /* AppDelegate.swift */,
				F4C1644A1D30554200DE78D8 /* ViewController.swift */,
				F4C1644C1D30554200DE78D8 /* Main.storyboard */,
				F4C1644F1D30554200DE78D8 /* Assets.xcassets */,
				F4C164511D30554200DE78D8 /* LaunchScreen.storyboard */,
				F4C164541D30554200DE78D8 /* Info.plist */,
				F4C164761D30585900DE78D8 /* ResultViewController.swift */,
			);
			path = Roshambo;
			sourceTree = "<group>";
		};
		F4C1645C1D30554200DE78D8 /* RoshamboTests */ = {
			isa = PBXGroup;
			children = (
				F4C1645D1D30554200DE78D8 /* RoshamboTests.swift */,
				F4C1645F1D30554200DE78D8 /* Info.plist */,
			);
			path = RoshamboTests;
			sourceTree = "<group>";
		};
		F4C164671D30554200DE78D8 /* RoshamboUITests */ = {
			isa = PBXGroup;
			children = (
				F4C164681D30554200DE78D8 /* RoshamboUITests.swift */,
				F4C1646A1D30554200DE78D8 /* Info.plist */,
			);
			path = RoshamboUITests;
			sourceTree = "<group>";
		};
/* End PBXGroup section */

/* Begin PBXNativeTarget section */
		F4C164441D30554200DE78D8 /* Roshambo */ = {
			isa = PBXNativeTarget;
			buildConfigurationList = F4C1646D1D30554200DE78D8 /* Build configuration list for PBXNativeTarget "Roshambo" */;
			buildPhases = (
				F4C164411D30554200DE78D8 /* Sources */,
				F4C164421D30554200DE78D8 /* Frameworks */,
				F4C164431D30554200DE78D8 /* Resources */,
			);
			buildRules = (
			);
			dependencies = (
			);
			name = Roshambo;
			productName = Roshambo;
			productReference = F4C164451D30554200DE78D8 /* Roshambo.app */;
			productType = "com.apple.product-type.application";
		};
		F4C164581D30554200DE78D8 /* RoshamboTests */ = {
			isa = PBXNativeTarget;
			buildConfigurationList = F4C164701D30554200DE78D8 /* Build configuration list for PBXNativeTarget "RoshamboTests" */;
			buildPhases = (
				F4C164551D30554200DE78D8 /* Sources */,
				F4C164561D30554200DE78D8 /* Frameworks */,
				F4C164571D30554200DE78D8 /* Resources */,
			);
			buildRules = (
			);
			dependencies = (
				F4C1645B1D30554200DE78D8 /* PBXTargetDependency */,
			);
			name = RoshamboTests;
			productName = RoshamboTests;
			productReference = F4C164591D30554200DE78D8 /* RoshamboTests.xctest */;
			productType = "com.apple.product-type.bundle.unit-test";
		};
		F4C164631D30554200DE78D8 /* RoshamboUITests */ = {
			isa = PBXNativeTarget;
			buildConfigurationList = F4C164731D30554200DE78D8 /* Build configuration list for PBXNativeTarget "RoshamboUITests" */;
			buildPhases = (
				F4C164601D30554200DE78D8 /* Sources */,
				F4C164611D30554200DE78D8 /* Frameworks */,
				F4C164621D30554200DE78D8 /* Resources */,
			);
			buildRules = (
			);
			dependencies = (
				F4C164661D30554200DE78D8 /* PBXTargetDependency */,
			);
			name = RoshamboUITests;
			productName = RoshamboUITests;
			productReference = F4C164641D30554200DE78D8 /* RoshamboUITests.xctest */;
			productType = "com.apple.product-type.bundle.ui-testing";
		};
/* End PBXNativeTarget section */

/* Begin PBXProject section */
		F4C1643D1D30554200DE78D8 /* Project object */ = {
			isa = PBXProject;
			attributes = {
				LastSwiftUpdateCheck = 0730;
				LastUpgradeCheck = 0730;
				ORGANIZATIONNAME = Edgar;
				TargetAttributes = {
					F4C164441D30554200DE78D8 = {
						CreatedOnToolsVersion = 7.3.1;
						DevelopmentTeam = 54N4S9E945;
					};
					F4C164581D30554200DE78D8 = {
						CreatedOnToolsVersion = 7.3.1;
						TestTargetID = F4C164441D30554200DE78D8;
					};
					F4C164631D30554200DE78D8 = {
						CreatedOnToolsVersion = 7.3.1;
						TestTargetID = F4C164441D30554200DE78D8;
					};
				};
			};
			buildConfigurationList = F4C164401D30554200DE78D8 /* Build configuration list for PBXProject "Roshambo" */;
			compatibilityVersion = "Xcode 3.2";
			developmentRegion = English;
			hasScannedForEncodings = 0;
			knownRegions = (
				en,
				Base,
			);
			mainGroup = F4C1643C1D30554200DE78D8;
			productRefGroup = F4C164461D30554200DE78D8 /* Products */;
			projectDirPath = "";
			projectRoot = "";
			targets = (
				F4C164441D30554200DE78D8 /* Roshambo */,
				F4C164581D30554200DE78D8 /* RoshamboTests */,
				F4C164631D30554200DE78D8 /* RoshamboUITests */,
			);
		};
/* End PBXProject section */

/* Begin PBXResourcesBuildPhase section */
		F4C164431D30554200DE78D8 /* Resources */ = {
			isa = PBXResourcesBuildPhase;
			buildActionMask = 2147483647;
			files = (
				F4C164531D30554200DE78D8 /* LaunchScreen.storyboard in Resources */,
				F4C164501D30554200DE78D8 /* Assets.xcassets in Resources */,
				F4C1644E1D30554200DE78D8 /* Main.storyboard in Resources */,
			);
			runOnlyForDeploymentPostprocessing = 0;
		};
		F4C164571D30554200DE78D8 /* Resources */ = {
			isa = PBXResourcesBuildPhase;
			buildActionMask = 2147483647;
			files = (
			);
			runOnlyForDeploymentPostprocessing = 0;
		};
		F4C164621D30554200DE78D8 /* Resources */ = {
			isa = PBXResourcesBuildPhase;
			buildActionMask = 2147483647;
			files = (
			);
			runOnlyForDeploymentPostprocessing = 0;
		};
/* End PBXResourcesBuildPhase section */

/* Begin PBXSourcesBuildPhase section */
		F4C164411D30554200DE78D8 /* Sources */ = {
			isa = PBXSourcesBuildPhase;
			buildActionMask = 2147483647;
			files = (
				F4C1644B1D30554200DE78D8 /* ViewController.swift in Sources */,
				F4C164491D30554200DE78D8 /* AppDelegate.swift in Sources */,
				F4C164771D30585900DE78D8 /* ResultViewController.swift in Sources */,
			);
			runOnlyForDeploymentPostprocessing = 0;
		};
		F4C164551D30554200DE78D8 /* Sources */ = {
			isa = PBXSourcesBuildPhase;
			buildActionMask = 2147483647;
			files = (
				F4C1645E1D30554200DE78D8 /* RoshamboTests.swift in Sources */,
			);
			runOnlyForDeploymentPostprocessing = 0;
		};
		F4C164601D30554200DE78D8 /* Sources */ = {
			isa = PBXSourcesBuildPhase;
			buildActionMask = 2147483647;
			files = (
				F4C164691D30554200DE78D8 /* RoshamboUITests.swift in Sources */,
			);
			runOnlyForDeploymentPostprocessing = 0;
		};
/* End PBXSourcesBuildPhase section */

/* Begin PBXTargetDependency section */
		F4C1645B1D30554200DE78D8 /* PBXTargetDependency */ = {
			isa = PBXTargetDependency;
			target = F4C164441D30554200DE78D8 /* Roshambo */;
			targetProxy = F4C1645A1D30554200DE78D8 /* PBXContainerItemProxy */;
		};
		F4C164661D30554200DE78D8 /* PBXTargetDependency */ = {
			isa = PBXTargetDependency;
			target = F4C164441D30554200DE78D8 /* Roshambo */;
			targetProxy = F4C164651D30554200DE78D8 /* PBXContainerItemProxy */;
		};
/* End PBXTargetDependency section */

/* Begin PBXVariantGroup section */
		F4C1644C1D30554200DE78D8 /* Main.storyboard */ = {
			isa = PBXVariantGroup;
			children = (
				F4C1644D1D30554200DE78D8 /* Base */,
			);
			name = Main.storyboard;
			sourceTree = "<group>";
		};
		F4C164511D30554200DE78D8 /* LaunchScreen.storyboard */ = {
			isa = PBXVariantGroup;
			children = (
				F4C164521D30554200DE78D8 /* Base */,
			);
			name = LaunchScreen.storyboard;
			sourceTree = "<group>";
		};
/* End PBXVariantGroup section */

/* Begin XCBuildConfiguration section */
		F4C1646B1D30554200DE78D8 /* Debug */ = {
			isa = XCBuildConfiguration;
			buildSettings = {
				ALWAYS_SEARCH_USER_PATHS = NO;
				CLANG_ANALYZER_NONNULL = YES;
				CLANG_CXX_LANGUAGE_STANDARD = "gnu++0x";
				CLANG_CXX_LIBRARY = "libc++";
				CLANG_ENABLE_MODULES = YES;
				CLANG_ENABLE_OBJC_ARC = YES;
				CLANG_WARN_BOOL_CONVERSION = YES;
				CLANG_WARN_CONSTANT_CONVERSION = YES;
				CLANG_WARN_DIRECT_OBJC_ISA_USAGE = YES_ERROR;
				CLANG_WARN_EMPTY_BODY = YES;
				CLANG_WARN_ENUM_CONVERSION = YES;
				CLANG_WARN_INT_CONVERSION = YES;
				CLANG_WARN_OBJC_ROOT_CLASS = YES_ERROR;
				CLANG_WARN_UNREACHABLE_CODE = YES;
				CLANG_WARN__DUPLICATE_METHOD_MATCH = YES;
				"CODE_SIGN_IDENTITY[sdk=iphoneos*]" = "iPhone Developer";
				COPY_PHASE_STRIP = NO;
				DEBUG_INFORMATION_FORMAT = dwarf;
				ENABLE_STRICT_OBJC_MSGSEND = YES;
				ENABLE_TESTABILITY = YES;
				GCC_C_LANGUAGE_STANDARD = gnu99;
				GCC_DYNAMIC_NO_PIC = NO;
				GCC_NO_COMMON_BLOCKS = YES;
				GCC_OPTIMIZATION_LEVEL = 0;
				GCC_PREPROCESSOR_DEFINITIONS = (
					"DEBUG=1",
					"$(inherited)",
				);
				GCC_WARN_64_TO_32_BIT_CONVERSION = YES;
				GCC_WARN_ABOUT_RETURN_TYPE = YES_ERROR;
				GCC_WARN_UNDECLARED_SELECTOR = YES;
				GCC_WARN_UNINITIALIZED_AUTOS = YES_AGGRESSIVE;
				GCC_WARN_UNUSED_FUNCTION = YES;
				GCC_WARN_UNUSED_VARIABLE = YES;
				IPHONEOS_DEPLOYMENT_TARGET = 9.3;
				MTL_ENABLE_DEBUG_INFO = YES;
				ONLY_ACTIVE_ARCH = YES;
				SDKROOT = iphoneos;
				SWIFT_OPTIMIZATION_LEVEL = "-Onone";
				TARGETED_DEVICE_FAMILY = "1,2";
			};
			name = Debug;
		};
		F4C1646C1D30554200DE78D8 /* Release */ = {
			isa = XCBuildConfiguration;
			buildSettings = {
				ALWAYS_SEARCH_USER_PATHS = NO;
				CLANG_ANALYZER_NONNULL = YES;
				CLANG_CXX_LANGUAGE_STANDARD = "gnu++0x";
				CLANG_CXX_LIBRARY = "libc++";
				CLANG_ENABLE_MODULES = YES;
				CLANG_ENABLE_OBJC_ARC = YES;
				CLANG_WARN_BOOL_CONVERSION = YES;
				CLANG_WARN_CONSTANT_CONVERSION = YES;
				CLANG_WARN_DIRECT_OBJC_ISA_USAGE = YES_ERROR;
				CLANG_WARN_EMPTY_BODY = YES;
				CLANG_WARN_ENUM_CONVERSION = YES;
				CLANG_WARN_INT_CONVERSION = YES;
				CLANG_WARN_OBJC_ROOT_CLASS = YES_ERROR;
				CLANG_WARN_UNREACHABLE_CODE = YES;
				CLANG_WARN__DUPLICATE_METHOD_MATCH = YES;
				"CODE_SIGN_IDENTITY[sdk=iphoneos*]" = "iPhone Developer";
				COPY_PHASE_STRIP = NO;
				DEBUG_INFORMATION_FORMAT = "dwarf-with-dsym";
				ENABLE_NS_ASSERTIONS = NO;
				ENABLE_STRICT_OBJC_MSGSEND = YES;
				GCC_C_LANGUAGE_STANDARD = gnu99;
				GCC_NO_COMMON_BLOCKS = YES;
				GCC_WARN_64_TO_32_BIT_CONVERSION = YES;
				GCC_WARN_ABOUT_RETURN_TYPE = YES_ERROR;
				GCC_WARN_UNDECLARED_SELECTOR = YES;
				GCC_WARN_UNINITIALIZED_AUTOS = YES_AGGRESSIVE;
				GCC_WARN_UNUSED_FUNCTION = YES;
				GCC_WARN_UNUSED_VARIABLE = YES;
				IPHONEOS_DEPLOYMENT_TARGET = 9.3;
				MTL_ENABLE_DEBUG_INFO = NO;
				SDKROOT = iphoneos;
				TARGETED_DEVICE_FAMILY = "1,2";
				VALIDATE_PRODUCT = YES;
			};
			name = Release;
		};
		F4C1646E1D30554200DE78D8 /* Debug */ = {
			isa = XCBuildConfiguration;
			buildSettings = {
				ASSETCATALOG_COMPILER_APPICON_NAME = AppIcon;
				CODE_SIGN_IDENTITY = "iPhone Developer";
				"CODE_SIGN_IDENTITY[sdk=iphoneos*]" = "iPhone Developer";
				INFOPLIST_FILE = Roshambo/Info.plist;
				IPHONEOS_DEPLOYMENT_TARGET = 9.3;
				LD_RUNPATH_SEARCH_PATHS = "$(inherited) @executable_path/Frameworks";
				PRODUCT_BUNDLE_IDENTIFIER = com.whatsupnow.Roshambo;
				PRODUCT_NAME = "$(TARGET_NAME)";
				PROVISIONING_PROFILE = "";
			};
			name = Debug;
		};
		F4C1646F1D30554200DE78D8 /* Release */ = {
			isa = XCBuildConfiguration;
			buildSettings = {
				ASSETCATALOG_COMPILER_APPICON_NAME = AppIcon;
				CODE_SIGN_IDENTITY = "iPhone Developer";
				"CODE_SIGN_IDENTITY[sdk=iphoneos*]" = "iPhone Developer";
				INFOPLIST_FILE = Roshambo/Info.plist;
				IPHONEOS_DEPLOYMENT_TARGET = 9.3;
				LD_RUNPATH_SEARCH_PATHS = "$(inherited) @executable_path/Frameworks";
				PRODUCT_BUNDLE_IDENTIFIER = com.whatsupnow.Roshambo;
				PRODUCT_NAME = "$(TARGET_NAME)";
				PROVISIONING_PROFILE = "";
			};
			name = Release;
		};
		F4C164711D30554200DE78D8 /* Debug */ = {
			isa = XCBuildConfiguration;
			buildSettings = {
				BUNDLE_LOADER = "$(TEST_HOST)";
				INFOPLIST_FILE = RoshamboTests/Info.plist;
				LD_RUNPATH_SEARCH_PATHS = "$(inherited) @executable_path/Frameworks @loader_path/Frameworks";
				PRODUCT_BUNDLE_IDENTIFIER = com.whatsupnow.RoshamboTests;
				PRODUCT_NAME = "$(TARGET_NAME)";
				TEST_HOST = "$(BUILT_PRODUCTS_DIR)/Roshambo.app/Roshambo";
			};
			name = Debug;
		};
		F4C164721D30554200DE78D8 /* Release */ = {
			isa = XCBuildConfiguration;
			buildSettings = {
				BUNDLE_LOADER = "$(TEST_HOST)";
				INFOPLIST_FILE = RoshamboTests/Info.plist;
				LD_RUNPATH_SEARCH_PATHS = "$(inherited) @executable_path/Frameworks @loader_path/Frameworks";
				PRODUCT_BUNDLE_IDENTIFIER = com.whatsupnow.RoshamboTests;
				PRODUCT_NAME = "$(TARGET_NAME)";
				TEST_HOST = "$(BUILT_PRODUCTS_DIR)/Roshambo.app/Roshambo";
			};
			name = Release;
		};
		F4C164741D30554200DE78D8 /* Debug */ = {
			isa = XCBuildConfiguration;
			buildSettings = {
				INFOPLIST_FILE = RoshamboUITests/Info.plist;
				LD_RUNPATH_SEARCH_PATHS = "$(inherited) @executable_path/Frameworks @loader_path/Frameworks";
				PRODUCT_BUNDLE_IDENTIFIER = com.whatsupnow.RoshamboUITests;
				PRODUCT_NAME = "$(TARGET_NAME)";
				TEST_TARGET_NAME = Roshambo;
			};
			name = Debug;
		};
		F4C164751D30554200DE78D8 /* Release */ = {
			isa = XCBuildConfiguration;
			buildSettings = {
				INFOPLIST_FILE = RoshamboUITests/Info.plist;
				LD_RUNPATH_SEARCH_PATHS = "$(inherited) @executable_path/Frameworks @loader_path/Frameworks";
				PRODUCT_BUNDLE_IDENTIFIER = com.whatsupnow.RoshamboUITests;
				PRODUCT_NAME = "$(TARGET_NAME)";
				TEST_TARGET_NAME = Roshambo;
			};
			name = Release;
		};
/* End XCBuildConfiguration section */

/* Begin XCConfigurationList section */
		F4C164401D30554200DE78D8 /* Build configuration list for PBXProject "Roshambo" */ = {
			isa = XCConfigurationList;
			buildConfigurations = (
				F4C1646B1D30554200DE78D8 /* Debug */,
				F4C1646C1D30554200DE78D8 /* Release */,
			);
			defaultConfigurationIsVisible = 0;
			defaultConfigurationName = Release;
		};
		F4C1646D1D30554200DE78D8 /* Build configuration list for PBXNativeTarget "Roshambo" */ = {
			isa = XCConfigurationList;
			buildConfigurations = (
				F4C1646E1D30554200DE78D8 /* Debug */,
				F4C1646F1D30554200DE78D8 /* Release */,
			);
			defaultConfigurationIsVisible = 0;
		};
		F4C164701D30554200DE78D8 /* Build configuration list for PBXNativeTarget "RoshamboTests" */ = {
			isa = XCConfigurationList;
			buildConfigurations = (
				F4C164711D30554200DE78D8 /* Debug */,
				F4C164721D30554200DE78D8 /* Release */,
			);
			defaultConfigurationIsVisible = 0;
		};
		F4C164731D30554200DE78D8 /* Build configuration list for PBXNativeTarget "RoshamboUITests" */ = {
			isa = XCConfigurationList;
			buildConfigurations = (
				F4C164741D30554200DE78D8 /* Debug */,
				F4C164751D30554200DE78D8 /* Release */,
			);
			defaultConfigurationIsVisible = 0;
		};
/* End XCConfigurationList section */
	};
	rootObject = F4C1643D1D30554200DE78D8 /* Project object */;
}
